// !$*UTF8*$!
{
	archiveVersion = 1;
	classes = {
	};
	objectVersion = 48;
	objects = {

/* Begin PBXBuildFile section */
		115B3416207EEEAC0043A6F3 /* AppDelegate.m in Sources */ = {isa = PBXBuildFile; fileRef = 115B3415207EEEAC0043A6F3 /* AppDelegate.m */; };
		115B3419207EEEAC0043A6F3 /* ViewController.m in Sources */ = {isa = PBXBuildFile; fileRef = 115B3418207EEEAC0043A6F3 /* ViewController.m */; };
		115B341C207EEEAC0043A6F3 /* Main.storyboard in Resources */ = {isa = PBXBuildFile; fileRef = 115B341A207EEEAC0043A6F3 /* Main.storyboard */; };
		115B341E207EEEAC0043A6F3 /* Assets.xcassets in Resources */ = {isa = PBXBuildFile; fileRef = 115B341D207EEEAC0043A6F3 /* Assets.xcassets */; };
		115B3421207EEEAC0043A6F3 /* LaunchScreen.storyboard in Resources */ = {isa = PBXBuildFile; fileRef = 115B341F207EEEAC0043A6F3 /* LaunchScreen.storyboard */; };
		115B3424207EEEAC0043A6F3 /* main.m in Sources */ = {isa = PBXBuildFile; fileRef = 115B3423207EEEAC0043A6F3 /* main.m */; };
		115B3484207F5DCD0043A6F3 /* BaseNaviViewController.m in Sources */ = {isa = PBXBuildFile; fileRef = 115B3481207F5DCD0043A6F3 /* BaseNaviViewController.m */; };
		115B3485207F5DCD0043A6F3 /* BaseViewController.m in Sources */ = {isa = PBXBuildFile; fileRef = 115B3483207F5DCD0043A6F3 /* BaseViewController.m */; };
		115B348E207F5E080043A6F3 /* CALayer+CircleBoard.m in Sources */ = {isa = PBXBuildFile; fileRef = 115B3489207F5E070043A6F3 /* CALayer+CircleBoard.m */; };
		115B348F207F5E080043A6F3 /* UIImage+Color.m in Sources */ = {isa = PBXBuildFile; fileRef = 115B348B207F5E070043A6F3 /* UIImage+Color.m */; };
		115B3490207F5E080043A6F3 /* UIView+EX.m in Sources */ = {isa = PBXBuildFile; fileRef = 115B348D207F5E070043A6F3 /* UIView+EX.m */; };
		115B3499207F618E0043A6F3 /* MBProgressHUD.m in Sources */ = {isa = PBXBuildFile; fileRef = 115B3497207F618E0043A6F3 /* MBProgressHUD.m */; };
		115B34B5207F62820043A6F3 /* Info.plist in Resources */ = {isa = PBXBuildFile; fileRef = 115B349B207F62820043A6F3 /* Info.plist */; };
		115B34B6207F62820043A6F3 /* MASCompositeConstraint.m in Sources */ = {isa = PBXBuildFile; fileRef = 115B349D207F62820043A6F3 /* MASCompositeConstraint.m */; };
		115B34B7207F62820043A6F3 /* MASConstraint.m in Sources */ = {isa = PBXBuildFile; fileRef = 115B34A0207F62820043A6F3 /* MASConstraint.m */; };
		115B34B8207F62820043A6F3 /* MASConstraintMaker.m in Sources */ = {isa = PBXBuildFile; fileRef = 115B34A2207F62820043A6F3 /* MASConstraintMaker.m */; };
		115B34B9207F62820043A6F3 /* MASLayoutConstraint.m in Sources */ = {isa = PBXBuildFile; fileRef = 115B34A4207F62820043A6F3 /* MASLayoutConstraint.m */; };
		115B34BA207F62820043A6F3 /* MASViewAttribute.m in Sources */ = {isa = PBXBuildFile; fileRef = 115B34A8207F62820043A6F3 /* MASViewAttribute.m */; };
		115B34BB207F62820043A6F3 /* MASViewConstraint.m in Sources */ = {isa = PBXBuildFile; fileRef = 115B34AA207F62820043A6F3 /* MASViewConstraint.m */; };
		115B34BC207F62820043A6F3 /* NSArray+MASAdditions.m in Sources */ = {isa = PBXBuildFile; fileRef = 115B34AC207F62820043A6F3 /* NSArray+MASAdditions.m */; };
		115B34BD207F62820043A6F3 /* NSLayoutConstraint+MASDebugAdditions.m in Sources */ = {isa = PBXBuildFile; fileRef = 115B34AF207F62820043A6F3 /* NSLayoutConstraint+MASDebugAdditions.m */; };
		115B34BE207F62820043A6F3 /* View+MASAdditions.m in Sources */ = {isa = PBXBuildFile; fileRef = 115B34B1207F62820043A6F3 /* View+MASAdditions.m */; };
		115B34BF207F62820043A6F3 /* ViewController+MASAdditions.m in Sources */ = {isa = PBXBuildFile; fileRef = 115B34B4207F62820043A6F3 /* ViewController+MASAdditions.m */; };
		115B34C3208043A60043A6F3 /* EidtTicketOrderController.m in Sources */ = {isa = PBXBuildFile; fileRef = 115B34C1208043A60043A6F3 /* EidtTicketOrderController.m */; };
		115B34C4208043A60043A6F3 /* EidtTicketOrderController.xib in Resources */ = {isa = PBXBuildFile; fileRef = 115B34C2208043A60043A6F3 /* EidtTicketOrderController.xib */; };
		115B350C20805BDC0043A6F3 /* TickerOrderPeople.m in Sources */ = {isa = PBXBuildFile; fileRef = 115B350B20805BDC0043A6F3 /* TickerOrderPeople.m */; };
		115B350E20805BF90043A6F3 /* TickerOrderPeople.xib in Resources */ = {isa = PBXBuildFile; fileRef = 115B350D20805BF90043A6F3 /* TickerOrderPeople.xib */; };
		115B3517208060AE0043A6F3 /* PassengerListViewController.m in Sources */ = {isa = PBXBuildFile; fileRef = 115B3515208060AE0043A6F3 /* PassengerListViewController.m */; };
		115B3518208060AE0043A6F3 /* PassengerListViewController.xib in Resources */ = {isa = PBXBuildFile; fileRef = 115B3516208060AE0043A6F3 /* PassengerListViewController.xib */; };
		115B351C2080611A0043A6F3 /* PassengerCell.m in Sources */ = {isa = PBXBuildFile; fileRef = 115B351A2080611A0043A6F3 /* PassengerCell.m */; };
		115B351D2080611A0043A6F3 /* PassengerCell.xib in Resources */ = {isa = PBXBuildFile; fileRef = 115B351B2080611A0043A6F3 /* PassengerCell.xib */; };
		115B354B208080530043A6F3 /* PayTicketController.m in Sources */ = {isa = PBXBuildFile; fileRef = 115B3549208080530043A6F3 /* PayTicketController.m */; };
		115B354C208080530043A6F3 /* PayTicketController.xib in Resources */ = {isa = PBXBuildFile; fileRef = 115B354A208080530043A6F3 /* PayTicketController.xib */; };
		115B3550208087D90043A6F3 /* TicketOrderDetaialController.m in Sources */ = {isa = PBXBuildFile; fileRef = 115B354E208087D90043A6F3 /* TicketOrderDetaialController.m */; };
		115B3551208087D90043A6F3 /* TicketOrderDetaialController.xib in Resources */ = {isa = PBXBuildFile; fileRef = 115B354F208087D90043A6F3 /* TicketOrderDetaialController.xib */; };
		115B355520808E300043A6F3 /* RefundController.m in Sources */ = {isa = PBXBuildFile; fileRef = 115B355320808E300043A6F3 /* RefundController.m */; };
		115B355620808E300043A6F3 /* RefundController.xib in Resources */ = {isa = PBXBuildFile; fileRef = 115B355420808E300043A6F3 /* RefundController.xib */; };
		115B35652080A8D00043A6F3 /* AFHTTPSessionManager.m in Sources */ = {isa = PBXBuildFile; fileRef = 115B35592080A8D00043A6F3 /* AFHTTPSessionManager.m */; };
		115B35662080A8D10043A6F3 /* AFNetworkReachabilityManager.m in Sources */ = {isa = PBXBuildFile; fileRef = 115B355C2080A8D00043A6F3 /* AFNetworkReachabilityManager.m */; };
		115B35672080A8D10043A6F3 /* AFSecurityPolicy.m in Sources */ = {isa = PBXBuildFile; fileRef = 115B355E2080A8D00043A6F3 /* AFSecurityPolicy.m */; };
		115B35682080A8D10043A6F3 /* AFURLRequestSerialization.m in Sources */ = {isa = PBXBuildFile; fileRef = 115B35602080A8D00043A6F3 /* AFURLRequestSerialization.m */; };
		115B35692080A8D10043A6F3 /* AFURLResponseSerialization.m in Sources */ = {isa = PBXBuildFile; fileRef = 115B35622080A8D00043A6F3 /* AFURLResponseSerialization.m */; };
		115B356A2080A8D10043A6F3 /* AFURLSessionManager.m in Sources */ = {isa = PBXBuildFile; fileRef = 115B35642080A8D00043A6F3 /* AFURLSessionManager.m */; };
		115B356E2080AD150043A6F3 /* StationChooseController.m in Sources */ = {isa = PBXBuildFile; fileRef = 115B356C2080AD150043A6F3 /* StationChooseController.m */; };
		115B356F2080AD150043A6F3 /* StationChooseController.xib in Resources */ = {isa = PBXBuildFile; fileRef = 115B356D2080AD150043A6F3 /* StationChooseController.xib */; };
		115B35722080B4C70043A6F3 /* KRMainNetTool.m in Sources */ = {isa = PBXBuildFile; fileRef = 115B35712080B4C70043A6F3 /* KRMainNetTool.m */; };
		115B35762080B5560043A6F3 /* MBProgressHUD+KR.m in Sources */ = {isa = PBXBuildFile; fileRef = 115B35752080B5560043A6F3 /* MBProgressHUD+KR.m */; };
		11C753B720844BAA006A8F2D /* KRUserInfo.m in Sources */ = {isa = PBXBuildFile; fileRef = 11C753B620844BAA006A8F2D /* KRUserInfo.m */; };
		11C753BC20844C00006A8F2D /* LoginViewController.m in Sources */ = {isa = PBXBuildFile; fileRef = 11C753BA20844C00006A8F2D /* LoginViewController.m */; };
		11C753BD20844C00006A8F2D /* LoginViewController.xib in Resources */ = {isa = PBXBuildFile; fileRef = 11C753BB20844C00006A8F2D /* LoginViewController.xib */; };
		11C753C2208478DF006A8F2D /* EditPassengerController.m in Sources */ = {isa = PBXBuildFile; fileRef = 11C753C0208478DF006A8F2D /* EditPassengerController.m */; };
		11C753C3208478DF006A8F2D /* EditPassengerController.xib in Resources */ = {isa = PBXBuildFile; fileRef = 11C753C1208478DF006A8F2D /* EditPassengerController.xib */; };
		11C753C72085D3E0006A8F2D /* CodeController.m in Sources */ = {isa = PBXBuildFile; fileRef = 11C753C52085D3E0006A8F2D /* CodeController.m */; };
		11C753C82085D3E0006A8F2D /* CodeController.xib in Resources */ = {isa = PBXBuildFile; fileRef = 11C753C62085D3E0006A8F2D /* CodeController.xib */; };
		11C753CF2085DF6E006A8F2D /* PopupTableViewCell.m in Sources */ = {isa = PBXBuildFile; fileRef = 11C753CB2085DF6E006A8F2D /* PopupTableViewCell.m */; };
		11C753D02085DF6E006A8F2D /* PopupTableViewCell.xib in Resources */ = {isa = PBXBuildFile; fileRef = 11C753CC2085DF6E006A8F2D /* PopupTableViewCell.xib */; };
		11C753D12085DF6E006A8F2D /* PopupView.m in Sources */ = {isa = PBXBuildFile; fileRef = 11C753CE2085DF6E006A8F2D /* PopupView.m */; };
		11C753D52085EFF5006A8F2D /* TicketOrderListController.m in Sources */ = {isa = PBXBuildFile; fileRef = 11C753D32085EFF5006A8F2D /* TicketOrderListController.m */; };
		11C753D62085EFF5006A8F2D /* TicketOrderListController.xib in Resources */ = {isa = PBXBuildFile; fileRef = 11C753D42085EFF5006A8F2D /* TicketOrderListController.xib */; };
		11C753DA2085F1FB006A8F2D /* MyOrderListCell.m in Sources */ = {isa = PBXBuildFile; fileRef = 11C753D82085F1FB006A8F2D /* MyOrderListCell.m */; };
		11C753DB2085F1FB006A8F2D /* MyOrderListCell.xib in Resources */ = {isa = PBXBuildFile; fileRef = 11C753D92085F1FB006A8F2D /* MyOrderListCell.xib */; };
		5A824302207F92CD00F483F6 /* SaleTicketMainController.m in Sources */ = {isa = PBXBuildFile; fileRef = 5A824300207F92CD00F483F6 /* SaleTicketMainController.m */; };
		5A824303207F92CD00F483F6 /* SaleTicketMainController.xib in Resources */ = {isa = PBXBuildFile; fileRef = 5A824301207F92CD00F483F6 /* SaleTicketMainController.xib */; };
		5A824307207F99E500F483F6 /* TicketListController.m in Sources */ = {isa = PBXBuildFile; fileRef = 5A824305207F99E500F483F6 /* TicketListController.m */; };
		5A824308207F99E500F483F6 /* TicketListController.xib in Resources */ = {isa = PBXBuildFile; fileRef = 5A824306207F99E500F483F6 /* TicketListController.xib */; };
		5A824312207F9D0F00F483F6 /* TicketCell.m in Sources */ = {isa = PBXBuildFile; fileRef = 5A824310207F9D0F00F483F6 /* TicketCell.m */; };
		5A824313207F9D0F00F483F6 /* TicketCell.xib in Resources */ = {isa = PBXBuildFile; fileRef = 5A824311207F9D0F00F483F6 /* TicketCell.xib */; };
		5AF3B0D320837B9B003B7B18 /* CalenderView.m in Sources */ = {isa = PBXBuildFile; fileRef = 5AF3B0C520837B9A003B7B18 /* CalenderView.m */; };
		5AF3B0D420837B9B003B7B18 /* CalenderCollectionCell.m in Sources */ = {isa = PBXBuildFile; fileRef = 5AF3B0C620837B9A003B7B18 /* CalenderCollectionCell.m */; };
		5AF3B0D520837B9B003B7B18 /* CalenderModel.m in Sources */ = {isa = PBXBuildFile; fileRef = 5AF3B0C920837B9A003B7B18 /* CalenderModel.m */; };
		5AF3B0D620837B9B003B7B18 /* CalenderHeaderView.m in Sources */ = {isa = PBXBuildFile; fileRef = 5AF3B0CA20837B9A003B7B18 /* CalenderHeaderView.m */; };
		5AF3B0D720837B9B003B7B18 /* CalenderWeekView.m in Sources */ = {isa = PBXBuildFile; fileRef = 5AF3B0CB20837B9A003B7B18 /* CalenderWeekView.m */; };
		5AF3B0D820837B9B003B7B18 /* NSDate+Extension.m in Sources */ = {isa = PBXBuildFile; fileRef = 5AF3B0CD20837B9A003B7B18 /* NSDate+Extension.m */; };
		5AF3B0D920837B9B003B7B18 /* UIColor+Extension.m in Sources */ = {isa = PBXBuildFile; fileRef = 5AF3B0CE20837B9A003B7B18 /* UIColor+Extension.m */; };
		5AF80AC22080FD9900CD28F0 /* DateChooseController.m in Sources */ = {isa = PBXBuildFile; fileRef = 5AF80AC12080FD9900CD28F0 /* DateChooseController.m */; };
/* End PBXBuildFile section */

/* Begin PBXFileReference section */
		115B3411207EEEAC0043A6F3 /* YKT.app */ = {isa = PBXFileReference; explicitFileType = wrapper.application; includeInIndex = 0; path = YKT.app; sourceTree = BUILT_PRODUCTS_DIR; };
		115B3414207EEEAC0043A6F3 /* AppDelegate.h */ = {isa = PBXFileReference; lastKnownFileType = sourcecode.c.h; path = AppDelegate.h; sourceTree = "<group>"; };
		115B3415207EEEAC0043A6F3 /* AppDelegate.m */ = {isa = PBXFileReference; lastKnownFileType = sourcecode.c.objc; path = AppDelegate.m; sourceTree = "<group>"; };
		115B3417207EEEAC0043A6F3 /* ViewController.h */ = {isa = PBXFileReference; lastKnownFileType = sourcecode.c.h; path = ViewController.h; sourceTree = "<group>"; };
		115B3418207EEEAC0043A6F3 /* ViewController.m */ = {isa = PBXFileReference; lastKnownFileType = sourcecode.c.objc; path = ViewController.m; sourceTree = "<group>"; };
		115B341B207EEEAC0043A6F3 /* Base */ = {isa = PBXFileReference; lastKnownFileType = file.storyboard; name = Base; path = Base.lproj/Main.storyboard; sourceTree = "<group>"; };
		115B341D207EEEAC0043A6F3 /* Assets.xcassets */ = {isa = PBXFileReference; lastKnownFileType = folder.assetcatalog; path = Assets.xcassets; sourceTree = "<group>"; };
		115B3420207EEEAC0043A6F3 /* Base */ = {isa = PBXFileReference; lastKnownFileType = file.storyboard; name = Base; path = Base.lproj/LaunchScreen.storyboard; sourceTree = "<group>"; };
		115B3422207EEEAC0043A6F3 /* Info.plist */ = {isa = PBXFileReference; lastKnownFileType = text.plist.xml; path = Info.plist; sourceTree = "<group>"; };
		115B3423207EEEAC0043A6F3 /* main.m */ = {isa = PBXFileReference; lastKnownFileType = sourcecode.c.objc; path = main.m; sourceTree = "<group>"; };
		115B3480207F5DCD0043A6F3 /* BaseNaviViewController.h */ = {isa = PBXFileReference; fileEncoding = 4; lastKnownFileType = sourcecode.c.h; path = BaseNaviViewController.h; sourceTree = "<group>"; };
		115B3481207F5DCD0043A6F3 /* BaseNaviViewController.m */ = {isa = PBXFileReference; fileEncoding = 4; lastKnownFileType = sourcecode.c.objc; path = BaseNaviViewController.m; sourceTree = "<group>"; };
		115B3482207F5DCD0043A6F3 /* BaseViewController.h */ = {isa = PBXFileReference; fileEncoding = 4; lastKnownFileType = sourcecode.c.h; path = BaseViewController.h; sourceTree = "<group>"; };
		115B3483207F5DCD0043A6F3 /* BaseViewController.m */ = {isa = PBXFileReference; fileEncoding = 4; lastKnownFileType = sourcecode.c.objc; path = BaseViewController.m; sourceTree = "<group>"; };
		115B3488207F5E070043A6F3 /* CALayer+CircleBoard.h */ = {isa = PBXFileReference; fileEncoding = 4; lastKnownFileType = sourcecode.c.h; path = "CALayer+CircleBoard.h"; sourceTree = "<group>"; };
		115B3489207F5E070043A6F3 /* CALayer+CircleBoard.m */ = {isa = PBXFileReference; fileEncoding = 4; lastKnownFileType = sourcecode.c.objc; path = "CALayer+CircleBoard.m"; sourceTree = "<group>"; };
		115B348A207F5E070043A6F3 /* UIImage+Color.h */ = {isa = PBXFileReference; fileEncoding = 4; lastKnownFileType = sourcecode.c.h; path = "UIImage+Color.h"; sourceTree = "<group>"; };
		115B348B207F5E070043A6F3 /* UIImage+Color.m */ = {isa = PBXFileReference; fileEncoding = 4; lastKnownFileType = sourcecode.c.objc; path = "UIImage+Color.m"; sourceTree = "<group>"; };
		115B348C207F5E070043A6F3 /* UIView+EX.h */ = {isa = PBXFileReference; fileEncoding = 4; lastKnownFileType = sourcecode.c.h; path = "UIView+EX.h"; sourceTree = "<group>"; };
		115B348D207F5E070043A6F3 /* UIView+EX.m */ = {isa = PBXFileReference; fileEncoding = 4; lastKnownFileType = sourcecode.c.objc; path = "UIView+EX.m"; sourceTree = "<group>"; };
		115B3491207F5E480043A6F3 /* LRMacroDefinitionHeader.h */ = {isa = PBXFileReference; fileEncoding = 4; lastKnownFileType = sourcecode.c.h; path = LRMacroDefinitionHeader.h; sourceTree = "<group>"; };
		115B3493207F5FA40043A6F3 /* UIKit.framework */ = {isa = PBXFileReference; lastKnownFileType = wrapper.framework; name = UIKit.framework; path = System/Library/Frameworks/UIKit.framework; sourceTree = SDKROOT; };
		115B3497207F618E0043A6F3 /* MBProgressHUD.m */ = {isa = PBXFileReference; fileEncoding = 4; lastKnownFileType = sourcecode.c.objc; path = MBProgressHUD.m; sourceTree = "<group>"; };
		115B3498207F618E0043A6F3 /* MBProgressHUD.h */ = {isa = PBXFileReference; fileEncoding = 4; lastKnownFileType = sourcecode.c.h; path = MBProgressHUD.h; sourceTree = "<group>"; };
		115B349B207F62820043A6F3 /* Info.plist */ = {isa = PBXFileReference; fileEncoding = 4; lastKnownFileType = text.plist.xml; path = Info.plist; sourceTree = "<group>"; };
		115B349C207F62820043A6F3 /* MASCompositeConstraint.h */ = {isa = PBXFileReference; fileEncoding = 4; lastKnownFileType = sourcecode.c.h; path = MASCompositeConstraint.h; sourceTree = "<group>"; };
		115B349D207F62820043A6F3 /* MASCompositeConstraint.m */ = {isa = PBXFileReference; fileEncoding = 4; lastKnownFileType = sourcecode.c.objc; path = MASCompositeConstraint.m; sourceTree = "<group>"; };
		115B349E207F62820043A6F3 /* MASConstraint+Private.h */ = {isa = PBXFileReference; fileEncoding = 4; lastKnownFileType = sourcecode.c.h; path = "MASConstraint+Private.h"; sourceTree = "<group>"; };
		115B349F207F62820043A6F3 /* MASConstraint.h */ = {isa = PBXFileReference; fileEncoding = 4; lastKnownFileType = sourcecode.c.h; path = MASConstraint.h; sourceTree = "<group>"; };
		115B34A0207F62820043A6F3 /* MASConstraint.m */ = {isa = PBXFileReference; fileEncoding = 4; lastKnownFileType = sourcecode.c.objc; path = MASConstraint.m; sourceTree = "<group>"; };
		115B34A1207F62820043A6F3 /* MASConstraintMaker.h */ = {isa = PBXFileReference; fileEncoding = 4; lastKnownFileType = sourcecode.c.h; path = MASConstraintMaker.h; sourceTree = "<group>"; };
		115B34A2207F62820043A6F3 /* MASConstraintMaker.m */ = {isa = PBXFileReference; fileEncoding = 4; lastKnownFileType = sourcecode.c.objc; path = MASConstraintMaker.m; sourceTree = "<group>"; };
		115B34A3207F62820043A6F3 /* MASLayoutConstraint.h */ = {isa = PBXFileReference; fileEncoding = 4; lastKnownFileType = sourcecode.c.h; path = MASLayoutConstraint.h; sourceTree = "<group>"; };
		115B34A4207F62820043A6F3 /* MASLayoutConstraint.m */ = {isa = PBXFileReference; fileEncoding = 4; lastKnownFileType = sourcecode.c.objc; path = MASLayoutConstraint.m; sourceTree = "<group>"; };
		115B34A5207F62820043A6F3 /* Masonry.h */ = {isa = PBXFileReference; fileEncoding = 4; lastKnownFileType = sourcecode.c.h; path = Masonry.h; sourceTree = "<group>"; };
		115B34A6207F62820043A6F3 /* MASUtilities.h */ = {isa = PBXFileReference; fileEncoding = 4; lastKnownFileType = sourcecode.c.h; path = MASUtilities.h; sourceTree = "<group>"; };
		115B34A7207F62820043A6F3 /* MASViewAttribute.h */ = {isa = PBXFileReference; fileEncoding = 4; lastKnownFileType = sourcecode.c.h; path = MASViewAttribute.h; sourceTree = "<group>"; };
		115B34A8207F62820043A6F3 /* MASViewAttribute.m */ = {isa = PBXFileReference; fileEncoding = 4; lastKnownFileType = sourcecode.c.objc; path = MASViewAttribute.m; sourceTree = "<group>"; };
		115B34A9207F62820043A6F3 /* MASViewConstraint.h */ = {isa = PBXFileReference; fileEncoding = 4; lastKnownFileType = sourcecode.c.h; path = MASViewConstraint.h; sourceTree = "<group>"; };
		115B34AA207F62820043A6F3 /* MASViewConstraint.m */ = {isa = PBXFileReference; fileEncoding = 4; lastKnownFileType = sourcecode.c.objc; path = MASViewConstraint.m; sourceTree = "<group>"; };
		115B34AB207F62820043A6F3 /* NSArray+MASAdditions.h */ = {isa = PBXFileReference; fileEncoding = 4; lastKnownFileType = sourcecode.c.h; path = "NSArray+MASAdditions.h"; sourceTree = "<group>"; };
		115B34AC207F62820043A6F3 /* NSArray+MASAdditions.m */ = {isa = PBXFileReference; fileEncoding = 4; lastKnownFileType = sourcecode.c.objc; path = "NSArray+MASAdditions.m"; sourceTree = "<group>"; };
		115B34AD207F62820043A6F3 /* NSArray+MASShorthandAdditions.h */ = {isa = PBXFileReference; fileEncoding = 4; lastKnownFileType = sourcecode.c.h; path = "NSArray+MASShorthandAdditions.h"; sourceTree = "<group>"; };
		115B34AE207F62820043A6F3 /* NSLayoutConstraint+MASDebugAdditions.h */ = {isa = PBXFileReference; fileEncoding = 4; lastKnownFileType = sourcecode.c.h; path = "NSLayoutConstraint+MASDebugAdditions.h"; sourceTree = "<group>"; };
		115B34AF207F62820043A6F3 /* NSLayoutConstraint+MASDebugAdditions.m */ = {isa = PBXFileReference; fileEncoding = 4; lastKnownFileType = sourcecode.c.objc; path = "NSLayoutConstraint+MASDebugAdditions.m"; sourceTree = "<group>"; };
		115B34B0207F62820043A6F3 /* View+MASAdditions.h */ = {isa = PBXFileReference; fileEncoding = 4; lastKnownFileType = sourcecode.c.h; path = "View+MASAdditions.h"; sourceTree = "<group>"; };
		115B34B1207F62820043A6F3 /* View+MASAdditions.m */ = {isa = PBXFileReference; fileEncoding = 4; lastKnownFileType = sourcecode.c.objc; path = "View+MASAdditions.m"; sourceTree = "<group>"; };
		115B34B2207F62820043A6F3 /* View+MASShorthandAdditions.h */ = {isa = PBXFileReference; fileEncoding = 4; lastKnownFileType = sourcecode.c.h; path = "View+MASShorthandAdditions.h"; sourceTree = "<group>"; };
		115B34B3207F62820043A6F3 /* ViewController+MASAdditions.h */ = {isa = PBXFileReference; fileEncoding = 4; lastKnownFileType = sourcecode.c.h; path = "ViewController+MASAdditions.h"; sourceTree = "<group>"; };
		115B34B4207F62820043A6F3 /* ViewController+MASAdditions.m */ = {isa = PBXFileReference; fileEncoding = 4; lastKnownFileType = sourcecode.c.objc; path = "ViewController+MASAdditions.m"; sourceTree = "<group>"; };
		115B34C0208043A60043A6F3 /* EidtTicketOrderController.h */ = {isa = PBXFileReference; lastKnownFileType = sourcecode.c.h; path = EidtTicketOrderController.h; sourceTree = "<group>"; };
		115B34C1208043A60043A6F3 /* EidtTicketOrderController.m */ = {isa = PBXFileReference; lastKnownFileType = sourcecode.c.objc; path = EidtTicketOrderController.m; sourceTree = "<group>"; };
		115B34C2208043A60043A6F3 /* EidtTicketOrderController.xib */ = {isa = PBXFileReference; lastKnownFileType = file.xib; path = EidtTicketOrderController.xib; sourceTree = "<group>"; };
		115B350A20805BDC0043A6F3 /* TickerOrderPeople.h */ = {isa = PBXFileReference; lastKnownFileType = sourcecode.c.h; path = TickerOrderPeople.h; sourceTree = "<group>"; };
		115B350B20805BDC0043A6F3 /* TickerOrderPeople.m */ = {isa = PBXFileReference; lastKnownFileType = sourcecode.c.objc; path = TickerOrderPeople.m; sourceTree = "<group>"; };
		115B350D20805BF90043A6F3 /* TickerOrderPeople.xib */ = {isa = PBXFileReference; lastKnownFileType = file.xib; path = TickerOrderPeople.xib; sourceTree = "<group>"; };
		115B3514208060AE0043A6F3 /* PassengerListViewController.h */ = {isa = PBXFileReference; lastKnownFileType = sourcecode.c.h; path = PassengerListViewController.h; sourceTree = "<group>"; };
		115B3515208060AE0043A6F3 /* PassengerListViewController.m */ = {isa = PBXFileReference; lastKnownFileType = sourcecode.c.objc; path = PassengerListViewController.m; sourceTree = "<group>"; };
		115B3516208060AE0043A6F3 /* PassengerListViewController.xib */ = {isa = PBXFileReference; lastKnownFileType = file.xib; path = PassengerListViewController.xib; sourceTree = "<group>"; };
		115B35192080611A0043A6F3 /* PassengerCell.h */ = {isa = PBXFileReference; lastKnownFileType = sourcecode.c.h; path = PassengerCell.h; sourceTree = "<group>"; };
		115B351A2080611A0043A6F3 /* PassengerCell.m */ = {isa = PBXFileReference; lastKnownFileType = sourcecode.c.objc; path = PassengerCell.m; sourceTree = "<group>"; };
		115B351B2080611A0043A6F3 /* PassengerCell.xib */ = {isa = PBXFileReference; lastKnownFileType = file.xib; path = PassengerCell.xib; sourceTree = "<group>"; };
		115B3548208080530043A6F3 /* PayTicketController.h */ = {isa = PBXFileReference; lastKnownFileType = sourcecode.c.h; path = PayTicketController.h; sourceTree = "<group>"; };
		115B3549208080530043A6F3 /* PayTicketController.m */ = {isa = PBXFileReference; lastKnownFileType = sourcecode.c.objc; path = PayTicketController.m; sourceTree = "<group>"; };
		115B354A208080530043A6F3 /* PayTicketController.xib */ = {isa = PBXFileReference; lastKnownFileType = file.xib; path = PayTicketController.xib; sourceTree = "<group>"; };
		115B354D208087D90043A6F3 /* TicketOrderDetaialController.h */ = {isa = PBXFileReference; lastKnownFileType = sourcecode.c.h; path = TicketOrderDetaialController.h; sourceTree = "<group>"; };
		115B354E208087D90043A6F3 /* TicketOrderDetaialController.m */ = {isa = PBXFileReference; lastKnownFileType = sourcecode.c.objc; path = TicketOrderDetaialController.m; sourceTree = "<group>"; };
		115B354F208087D90043A6F3 /* TicketOrderDetaialController.xib */ = {isa = PBXFileReference; lastKnownFileType = file.xib; path = TicketOrderDetaialController.xib; sourceTree = "<group>"; };
		115B355220808E300043A6F3 /* RefundController.h */ = {isa = PBXFileReference; lastKnownFileType = sourcecode.c.h; path = RefundController.h; sourceTree = "<group>"; };
		115B355320808E300043A6F3 /* RefundController.m */ = {isa = PBXFileReference; lastKnownFileType = sourcecode.c.objc; path = RefundController.m; sourceTree = "<group>"; };
		115B355420808E300043A6F3 /* RefundController.xib */ = {isa = PBXFileReference; lastKnownFileType = file.xib; path = RefundController.xib; sourceTree = "<group>"; };
		115B35582080A8D00043A6F3 /* AFHTTPSessionManager.h */ = {isa = PBXFileReference; fileEncoding = 4; lastKnownFileType = sourcecode.c.h; path = AFHTTPSessionManager.h; sourceTree = "<group>"; };
		115B35592080A8D00043A6F3 /* AFHTTPSessionManager.m */ = {isa = PBXFileReference; fileEncoding = 4; lastKnownFileType = sourcecode.c.objc; path = AFHTTPSessionManager.m; sourceTree = "<group>"; };
		115B355A2080A8D00043A6F3 /* AFNetworking.h */ = {isa = PBXFileReference; fileEncoding = 4; lastKnownFileType = sourcecode.c.h; path = AFNetworking.h; sourceTree = "<group>"; };
		115B355B2080A8D00043A6F3 /* AFNetworkReachabilityManager.h */ = {isa = PBXFileReference; fileEncoding = 4; lastKnownFileType = sourcecode.c.h; path = AFNetworkReachabilityManager.h; sourceTree = "<group>"; };
		115B355C2080A8D00043A6F3 /* AFNetworkReachabilityManager.m */ = {isa = PBXFileReference; fileEncoding = 4; lastKnownFileType = sourcecode.c.objc; path = AFNetworkReachabilityManager.m; sourceTree = "<group>"; };
		115B355D2080A8D00043A6F3 /* AFSecurityPolicy.h */ = {isa = PBXFileReference; fileEncoding = 4; lastKnownFileType = sourcecode.c.h; path = AFSecurityPolicy.h; sourceTree = "<group>"; };
		115B355E2080A8D00043A6F3 /* AFSecurityPolicy.m */ = {isa = PBXFileReference; fileEncoding = 4; lastKnownFileType = sourcecode.c.objc; path = AFSecurityPolicy.m; sourceTree = "<group>"; };
		115B355F2080A8D00043A6F3 /* AFURLRequestSerialization.h */ = {isa = PBXFileReference; fileEncoding = 4; lastKnownFileType = sourcecode.c.h; path = AFURLRequestSerialization.h; sourceTree = "<group>"; };
		115B35602080A8D00043A6F3 /* AFURLRequestSerialization.m */ = {isa = PBXFileReference; fileEncoding = 4; lastKnownFileType = sourcecode.c.objc; path = AFURLRequestSerialization.m; sourceTree = "<group>"; };
		115B35612080A8D00043A6F3 /* AFURLResponseSerialization.h */ = {isa = PBXFileReference; fileEncoding = 4; lastKnownFileType = sourcecode.c.h; path = AFURLResponseSerialization.h; sourceTree = "<group>"; };
		115B35622080A8D00043A6F3 /* AFURLResponseSerialization.m */ = {isa = PBXFileReference; fileEncoding = 4; lastKnownFileType = sourcecode.c.objc; path = AFURLResponseSerialization.m; sourceTree = "<group>"; };
		115B35632080A8D00043A6F3 /* AFURLSessionManager.h */ = {isa = PBXFileReference; fileEncoding = 4; lastKnownFileType = sourcecode.c.h; path = AFURLSessionManager.h; sourceTree = "<group>"; };
		115B35642080A8D00043A6F3 /* AFURLSessionManager.m */ = {isa = PBXFileReference; fileEncoding = 4; lastKnownFileType = sourcecode.c.objc; path = AFURLSessionManager.m; sourceTree = "<group>"; };
		115B356B2080AD150043A6F3 /* StationChooseController.h */ = {isa = PBXFileReference; lastKnownFileType = sourcecode.c.h; path = StationChooseController.h; sourceTree = "<group>"; };
		115B356C2080AD150043A6F3 /* StationChooseController.m */ = {isa = PBXFileReference; lastKnownFileType = sourcecode.c.objc; path = StationChooseController.m; sourceTree = "<group>"; };
		115B356D2080AD150043A6F3 /* StationChooseController.xib */ = {isa = PBXFileReference; lastKnownFileType = file.xib; path = StationChooseController.xib; sourceTree = "<group>"; };
		115B35702080B4C70043A6F3 /* KRMainNetTool.h */ = {isa = PBXFileReference; fileEncoding = 4; lastKnownFileType = sourcecode.c.h; path = KRMainNetTool.h; sourceTree = "<group>"; };
		115B35712080B4C70043A6F3 /* KRMainNetTool.m */ = {isa = PBXFileReference; fileEncoding = 4; lastKnownFileType = sourcecode.c.objc; path = KRMainNetTool.m; sourceTree = "<group>"; };
		115B35732080B5050043A6F3 /* Singleton.h */ = {isa = PBXFileReference; fileEncoding = 4; lastKnownFileType = sourcecode.c.h; path = Singleton.h; sourceTree = "<group>"; };
		115B35742080B5560043A6F3 /* MBProgressHUD+KR.h */ = {isa = PBXFileReference; fileEncoding = 4; lastKnownFileType = sourcecode.c.h; path = "MBProgressHUD+KR.h"; sourceTree = "<group>"; };
		115B35752080B5560043A6F3 /* MBProgressHUD+KR.m */ = {isa = PBXFileReference; fileEncoding = 4; lastKnownFileType = sourcecode.c.objc; path = "MBProgressHUD+KR.m"; sourceTree = "<group>"; };
		11C753B520844BAA006A8F2D /* KRUserInfo.h */ = {isa = PBXFileReference; fileEncoding = 4; lastKnownFileType = sourcecode.c.h; path = KRUserInfo.h; sourceTree = "<group>"; };
		11C753B620844BAA006A8F2D /* KRUserInfo.m */ = {isa = PBXFileReference; fileEncoding = 4; lastKnownFileType = sourcecode.c.objc; path = KRUserInfo.m; sourceTree = "<group>"; };
		11C753B920844C00006A8F2D /* LoginViewController.h */ = {isa = PBXFileReference; lastKnownFileType = sourcecode.c.h; path = LoginViewController.h; sourceTree = "<group>"; };
		11C753BA20844C00006A8F2D /* LoginViewController.m */ = {isa = PBXFileReference; lastKnownFileType = sourcecode.c.objc; path = LoginViewController.m; sourceTree = "<group>"; };
		11C753BB20844C00006A8F2D /* LoginViewController.xib */ = {isa = PBXFileReference; lastKnownFileType = file.xib; path = LoginViewController.xib; sourceTree = "<group>"; };
		11C753BF208478DF006A8F2D /* EditPassengerController.h */ = {isa = PBXFileReference; lastKnownFileType = sourcecode.c.h; path = EditPassengerController.h; sourceTree = "<group>"; };
		11C753C0208478DF006A8F2D /* EditPassengerController.m */ = {isa = PBXFileReference; lastKnownFileType = sourcecode.c.objc; path = EditPassengerController.m; sourceTree = "<group>"; };
		11C753C1208478DF006A8F2D /* EditPassengerController.xib */ = {isa = PBXFileReference; lastKnownFileType = file.xib; path = EditPassengerController.xib; sourceTree = "<group>"; };
		11C753C42085D3E0006A8F2D /* CodeController.h */ = {isa = PBXFileReference; lastKnownFileType = sourcecode.c.h; path = CodeController.h; sourceTree = "<group>"; };
		11C753C52085D3E0006A8F2D /* CodeController.m */ = {isa = PBXFileReference; lastKnownFileType = sourcecode.c.objc; path = CodeController.m; sourceTree = "<group>"; };
		11C753C62085D3E0006A8F2D /* CodeController.xib */ = {isa = PBXFileReference; lastKnownFileType = file.xib; path = CodeController.xib; sourceTree = "<group>"; };
		11C753CA2085DF6E006A8F2D /* PopupTableViewCell.h */ = {isa = PBXFileReference; fileEncoding = 4; lastKnownFileType = sourcecode.c.h; path = PopupTableViewCell.h; sourceTree = "<group>"; };
		11C753CB2085DF6E006A8F2D /* PopupTableViewCell.m */ = {isa = PBXFileReference; fileEncoding = 4; lastKnownFileType = sourcecode.c.objc; path = PopupTableViewCell.m; sourceTree = "<group>"; };
		11C753CC2085DF6E006A8F2D /* PopupTableViewCell.xib */ = {isa = PBXFileReference; fileEncoding = 4; lastKnownFileType = file.xib; path = PopupTableViewCell.xib; sourceTree = "<group>"; };
		11C753CD2085DF6E006A8F2D /* PopupView.h */ = {isa = PBXFileReference; fileEncoding = 4; lastKnownFileType = sourcecode.c.h; path = PopupView.h; sourceTree = "<group>"; };
		11C753CE2085DF6E006A8F2D /* PopupView.m */ = {isa = PBXFileReference; fileEncoding = 4; lastKnownFileType = sourcecode.c.objc; path = PopupView.m; sourceTree = "<group>"; };
		11C753D22085EFF5006A8F2D /* TicketOrderListController.h */ = {isa = PBXFileReference; lastKnownFileType = sourcecode.c.h; path = TicketOrderListController.h; sourceTree = "<group>"; };
		11C753D32085EFF5006A8F2D /* TicketOrderListController.m */ = {isa = PBXFileReference; lastKnownFileType = sourcecode.c.objc; path = TicketOrderListController.m; sourceTree = "<group>"; };
		11C753D42085EFF5006A8F2D /* TicketOrderListController.xib */ = {isa = PBXFileReference; lastKnownFileType = file.xib; path = TicketOrderListController.xib; sourceTree = "<group>"; };
		11C753D72085F1FB006A8F2D /* MyOrderListCell.h */ = {isa = PBXFileReference; lastKnownFileType = sourcecode.c.h; path = MyOrderListCell.h; sourceTree = "<group>"; };
		11C753D82085F1FB006A8F2D /* MyOrderListCell.m */ = {isa = PBXFileReference; lastKnownFileType = sourcecode.c.objc; path = MyOrderListCell.m; sourceTree = "<group>"; };
		11C753D92085F1FB006A8F2D /* MyOrderListCell.xib */ = {isa = PBXFileReference; lastKnownFileType = file.xib; path = MyOrderListCell.xib; sourceTree = "<group>"; };
		5A8242FF207F92CD00F483F6 /* SaleTicketMainController.h */ = {isa = PBXFileReference; lastKnownFileType = sourcecode.c.h; path = SaleTicketMainController.h; sourceTree = "<group>"; };
		5A824300207F92CD00F483F6 /* SaleTicketMainController.m */ = {isa = PBXFileReference; lastKnownFileType = sourcecode.c.objc; path = SaleTicketMainController.m; sourceTree = "<group>"; };
		5A824301207F92CD00F483F6 /* SaleTicketMainController.xib */ = {isa = PBXFileReference; lastKnownFileType = file.xib; path = SaleTicketMainController.xib; sourceTree = "<group>"; };
		5A824304207F99E500F483F6 /* TicketListController.h */ = {isa = PBXFileReference; lastKnownFileType = sourcecode.c.h; path = TicketListController.h; sourceTree = "<group>"; };
		5A824305207F99E500F483F6 /* TicketListController.m */ = {isa = PBXFileReference; lastKnownFileType = sourcecode.c.objc; path = TicketListController.m; sourceTree = "<group>"; };
		5A824306207F99E500F483F6 /* TicketListController.xib */ = {isa = PBXFileReference; lastKnownFileType = file.xib; path = TicketListController.xib; sourceTree = "<group>"; };
		5A82430F207F9D0F00F483F6 /* TicketCell.h */ = {isa = PBXFileReference; lastKnownFileType = sourcecode.c.h; path = TicketCell.h; sourceTree = "<group>"; };
		5A824310207F9D0F00F483F6 /* TicketCell.m */ = {isa = PBXFileReference; lastKnownFileType = sourcecode.c.objc; path = TicketCell.m; sourceTree = "<group>"; };
		5A824311207F9D0F00F483F6 /* TicketCell.xib */ = {isa = PBXFileReference; lastKnownFileType = file.xib; path = TicketCell.xib; sourceTree = "<group>"; };
		5AF3B0C520837B9A003B7B18 /* CalenderView.m */ = {isa = PBXFileReference; fileEncoding = 4; lastKnownFileType = sourcecode.c.objc; path = CalenderView.m; sourceTree = "<group>"; };
		5AF3B0C620837B9A003B7B18 /* CalenderCollectionCell.m */ = {isa = PBXFileReference; fileEncoding = 4; lastKnownFileType = sourcecode.c.objc; path = CalenderCollectionCell.m; sourceTree = "<group>"; };
		5AF3B0C720837B9A003B7B18 /* UIColor+Extension.h */ = {isa = PBXFileReference; fileEncoding = 4; lastKnownFileType = sourcecode.c.h; path = "UIColor+Extension.h"; sourceTree = "<group>"; };
		5AF3B0C820837B9A003B7B18 /* NSDate+Extension.h */ = {isa = PBXFileReference; fileEncoding = 4; lastKnownFileType = sourcecode.c.h; path = "NSDate+Extension.h"; sourceTree = "<group>"; };
		5AF3B0C920837B9A003B7B18 /* CalenderModel.m */ = {isa = PBXFileReference; fileEncoding = 4; lastKnownFileType = sourcecode.c.objc; path = CalenderModel.m; sourceTree = "<group>"; };
		5AF3B0CA20837B9A003B7B18 /* CalenderHeaderView.m */ = {isa = PBXFileReference; fileEncoding = 4; lastKnownFileType = sourcecode.c.objc; path = CalenderHeaderView.m; sourceTree = "<group>"; };
		5AF3B0CB20837B9A003B7B18 /* CalenderWeekView.m */ = {isa = PBXFileReference; fileEncoding = 4; lastKnownFileType = sourcecode.c.objc; path = CalenderWeekView.m; sourceTree = "<group>"; };
		5AF3B0CC20837B9A003B7B18 /* CalenderView.h */ = {isa = PBXFileReference; fileEncoding = 4; lastKnownFileType = sourcecode.c.h; path = CalenderView.h; sourceTree = "<group>"; };
		5AF3B0CD20837B9A003B7B18 /* NSDate+Extension.m */ = {isa = PBXFileReference; fileEncoding = 4; lastKnownFileType = sourcecode.c.objc; path = "NSDate+Extension.m"; sourceTree = "<group>"; };
		5AF3B0CE20837B9A003B7B18 /* UIColor+Extension.m */ = {isa = PBXFileReference; fileEncoding = 4; lastKnownFileType = sourcecode.c.objc; path = "UIColor+Extension.m"; sourceTree = "<group>"; };
		5AF3B0CF20837B9A003B7B18 /* CalenderCollectionCell.h */ = {isa = PBXFileReference; fileEncoding = 4; lastKnownFileType = sourcecode.c.h; path = CalenderCollectionCell.h; sourceTree = "<group>"; };
		5AF3B0D020837B9A003B7B18 /* CalenderModel.h */ = {isa = PBXFileReference; fileEncoding = 4; lastKnownFileType = sourcecode.c.h; path = CalenderModel.h; sourceTree = "<group>"; };
		5AF3B0D120837B9A003B7B18 /* CalenderWeekView.h */ = {isa = PBXFileReference; fileEncoding = 4; lastKnownFileType = sourcecode.c.h; path = CalenderWeekView.h; sourceTree = "<group>"; };
		5AF3B0D220837B9A003B7B18 /* CalenderHeaderView.h */ = {isa = PBXFileReference; fileEncoding = 4; lastKnownFileType = sourcecode.c.h; path = CalenderHeaderView.h; sourceTree = "<group>"; };
		5AF80AC02080FD9900CD28F0 /* DateChooseController.h */ = {isa = PBXFileReference; lastKnownFileType = sourcecode.c.h; path = DateChooseController.h; sourceTree = "<group>"; };
		5AF80AC12080FD9900CD28F0 /* DateChooseController.m */ = {isa = PBXFileReference; lastKnownFileType = sourcecode.c.objc; path = DateChooseController.m; sourceTree = "<group>"; };
/* End PBXFileReference section */

/* Begin PBXFrameworksBuildPhase section */
		115B340E207EEEAC0043A6F3 /* Frameworks */ = {
			isa = PBXFrameworksBuildPhase;
			buildActionMask = 2147483647;
			files = (
			);
			runOnlyForDeploymentPostprocessing = 0;
		};
/* End PBXFrameworksBuildPhase section */

/* Begin PBXGroup section */
		115B3408207EEEAC0043A6F3 = {
			isa = PBXGroup;
			children = (
				115B3413207EEEAC0043A6F3 /* YKT */,
				115B3412207EEEAC0043A6F3 /* Products */,
				115B3492207F5FA40043A6F3 /* Frameworks */,
			);
			sourceTree = "<group>";
		};
		115B3412207EEEAC0043A6F3 /* Products */ = {
			isa = PBXGroup;
			children = (
				115B3411207EEEAC0043A6F3 /* YKT.app */,
			);
			name = Products;
			sourceTree = "<group>";
		};
		115B3413207EEEAC0043A6F3 /* YKT */ = {
			isa = PBXGroup;
			children = (
				115B347E207F5D9F0043A6F3 /* Classes */,
				115B3414207EEEAC0043A6F3 /* AppDelegate.h */,
				115B3415207EEEAC0043A6F3 /* AppDelegate.m */,
				115B3417207EEEAC0043A6F3 /* ViewController.h */,
				115B3418207EEEAC0043A6F3 /* ViewController.m */,
				115B341A207EEEAC0043A6F3 /* Main.storyboard */,
				115B341D207EEEAC0043A6F3 /* Assets.xcassets */,
				115B341F207EEEAC0043A6F3 /* LaunchScreen.storyboard */,
				115B3422207EEEAC0043A6F3 /* Info.plist */,
				115B3423207EEEAC0043A6F3 /* main.m */,
			);
			path = YKT;
			sourceTree = "<group>";
		};
		115B347E207F5D9F0043A6F3 /* Classes */ = {
			isa = PBXGroup;
			children = (
				5A8242FA207F91E300F483F6 /* Main */,
				115B3495207F60850043A6F3 /* ThirdSDK */,
				115B3486207F5DFD0043A6F3 /* Tools */,
				115B347F207F5DCD0043A6F3 /* BaseVC */,
			);
			path = Classes;
			sourceTree = "<group>";
		};
		115B347F207F5DCD0043A6F3 /* BaseVC */ = {
			isa = PBXGroup;
			children = (
				115B3480207F5DCD0043A6F3 /* BaseNaviViewController.h */,
				115B3481207F5DCD0043A6F3 /* BaseNaviViewController.m */,
				115B3482207F5DCD0043A6F3 /* BaseViewController.h */,
				115B3483207F5DCD0043A6F3 /* BaseViewController.m */,
			);
			path = BaseVC;
			sourceTree = "<group>";
		};
		115B3486207F5DFD0043A6F3 /* Tools */ = {
			isa = PBXGroup;
			children = (
				11C753B520844BAA006A8F2D /* KRUserInfo.h */,
				11C753B620844BAA006A8F2D /* KRUserInfo.m */,
				115B35702080B4C70043A6F3 /* KRMainNetTool.h */,
				115B35712080B4C70043A6F3 /* KRMainNetTool.m */,
				115B35732080B5050043A6F3 /* Singleton.h */,
				115B3491207F5E480043A6F3 /* LRMacroDefinitionHeader.h */,
				115B3487207F5E070043A6F3 /* Category */,
			);
			path = Tools;
			sourceTree = "<group>";
		};
		115B3487207F5E070043A6F3 /* Category */ = {
			isa = PBXGroup;
			children = (
				115B3488207F5E070043A6F3 /* CALayer+CircleBoard.h */,
				115B3489207F5E070043A6F3 /* CALayer+CircleBoard.m */,
				115B348A207F5E070043A6F3 /* UIImage+Color.h */,
				115B348B207F5E070043A6F3 /* UIImage+Color.m */,
				115B35752080B5560043A6F3 /* MBProgressHUD+KR.m */,
				115B35742080B5560043A6F3 /* MBProgressHUD+KR.h */,
				115B348C207F5E070043A6F3 /* UIView+EX.h */,
				115B348D207F5E070043A6F3 /* UIView+EX.m */,
			);
			path = Category;
			sourceTree = "<group>";
		};
		115B3492207F5FA40043A6F3 /* Frameworks */ = {
			isa = PBXGroup;
			children = (
				115B3493207F5FA40043A6F3 /* UIKit.framework */,
			);
			name = Frameworks;
			sourceTree = "<group>";
		};
		115B3495207F60850043A6F3 /* ThirdSDK */ = {
			isa = PBXGroup;
			children = (
				11C753C92085DF6E006A8F2D /* DropChoiceView */,
				5AF3B0C420837B9A003B7B18 /* Calender */,
				115B35572080A8D00043A6F3 /* AFNetworking */,
				115B349A207F62820043A6F3 /* Masonry */,
				115B3496207F61820043A6F3 /* MBProgressHUD */,
			);
			path = ThirdSDK;
			sourceTree = "<group>";
		};
		115B3496207F61820043A6F3 /* MBProgressHUD */ = {
			isa = PBXGroup;
			children = (
				115B3498207F618E0043A6F3 /* MBProgressHUD.h */,
				115B3497207F618E0043A6F3 /* MBProgressHUD.m */,
			);
			path = MBProgressHUD;
			sourceTree = "<group>";
		};
		115B349A207F62820043A6F3 /* Masonry */ = {
			isa = PBXGroup;
			children = (
				115B349B207F62820043A6F3 /* Info.plist */,
				115B349C207F62820043A6F3 /* MASCompositeConstraint.h */,
				115B349D207F62820043A6F3 /* MASCompositeConstraint.m */,
				115B349E207F62820043A6F3 /* MASConstraint+Private.h */,
				115B349F207F62820043A6F3 /* MASConstraint.h */,
				115B34A0207F62820043A6F3 /* MASConstraint.m */,
				115B34A1207F62820043A6F3 /* MASConstraintMaker.h */,
				115B34A2207F62820043A6F3 /* MASConstraintMaker.m */,
				115B34A3207F62820043A6F3 /* MASLayoutConstraint.h */,
				115B34A4207F62820043A6F3 /* MASLayoutConstraint.m */,
				115B34A5207F62820043A6F3 /* Masonry.h */,
				115B34A6207F62820043A6F3 /* MASUtilities.h */,
				115B34A7207F62820043A6F3 /* MASViewAttribute.h */,
				115B34A8207F62820043A6F3 /* MASViewAttribute.m */,
				115B34A9207F62820043A6F3 /* MASViewConstraint.h */,
				115B34AA207F62820043A6F3 /* MASViewConstraint.m */,
				115B34AB207F62820043A6F3 /* NSArray+MASAdditions.h */,
				115B34AC207F62820043A6F3 /* NSArray+MASAdditions.m */,
				115B34AD207F62820043A6F3 /* NSArray+MASShorthandAdditions.h */,
				115B34AE207F62820043A6F3 /* NSLayoutConstraint+MASDebugAdditions.h */,
				115B34AF207F62820043A6F3 /* NSLayoutConstraint+MASDebugAdditions.m */,
				115B34B0207F62820043A6F3 /* View+MASAdditions.h */,
				115B34B1207F62820043A6F3 /* View+MASAdditions.m */,
				115B34B2207F62820043A6F3 /* View+MASShorthandAdditions.h */,
				115B34B3207F62820043A6F3 /* ViewController+MASAdditions.h */,
				115B34B4207F62820043A6F3 /* ViewController+MASAdditions.m */,
			);
			path = Masonry;
			sourceTree = "<group>";
		};
		115B35572080A8D00043A6F3 /* AFNetworking */ = {
			isa = PBXGroup;
			children = (
				115B35582080A8D00043A6F3 /* AFHTTPSessionManager.h */,
				115B35592080A8D00043A6F3 /* AFHTTPSessionManager.m */,
				115B355A2080A8D00043A6F3 /* AFNetworking.h */,
				115B355B2080A8D00043A6F3 /* AFNetworkReachabilityManager.h */,
				115B355C2080A8D00043A6F3 /* AFNetworkReachabilityManager.m */,
				115B355D2080A8D00043A6F3 /* AFSecurityPolicy.h */,
				115B355E2080A8D00043A6F3 /* AFSecurityPolicy.m */,
				115B355F2080A8D00043A6F3 /* AFURLRequestSerialization.h */,
				115B35602080A8D00043A6F3 /* AFURLRequestSerialization.m */,
				115B35612080A8D00043A6F3 /* AFURLResponseSerialization.h */,
				115B35622080A8D00043A6F3 /* AFURLResponseSerialization.m */,
				115B35632080A8D00043A6F3 /* AFURLSessionManager.h */,
				115B35642080A8D00043A6F3 /* AFURLSessionManager.m */,
			);
			path = AFNetworking;
			sourceTree = "<group>";
		};
		11C753B820844BEF006A8F2D /* Login */ = {
			isa = PBXGroup;
			children = (
				11C753B920844C00006A8F2D /* LoginViewController.h */,
				11C753BA20844C00006A8F2D /* LoginViewController.m */,
				11C753BB20844C00006A8F2D /* LoginViewController.xib */,
			);
			path = Login;
			sourceTree = "<group>";
		};
		11C753BE208478B3006A8F2D /* Common */ = {
			isa = PBXGroup;
			children = (
				115B3514208060AE0043A6F3 /* PassengerListViewController.h */,
				115B3515208060AE0043A6F3 /* PassengerListViewController.m */,
				115B3516208060AE0043A6F3 /* PassengerListViewController.xib */,
				11C753BF208478DF006A8F2D /* EditPassengerController.h */,
				11C753C0208478DF006A8F2D /* EditPassengerController.m */,
				11C753C1208478DF006A8F2D /* EditPassengerController.xib */,
			);
			path = Common;
			sourceTree = "<group>";
		};
		11C753C92085DF6E006A8F2D /* DropChoiceView */ = {
			isa = PBXGroup;
			children = (
				11C753CA2085DF6E006A8F2D /* PopupTableViewCell.h */,
				11C753CB2085DF6E006A8F2D /* PopupTableViewCell.m */,
				11C753CC2085DF6E006A8F2D /* PopupTableViewCell.xib */,
				11C753CD2085DF6E006A8F2D /* PopupView.h */,
				11C753CE2085DF6E006A8F2D /* PopupView.m */,
			);
			path = DropChoiceView;
			sourceTree = "<group>";
		};
		5A8242FA207F91E300F483F6 /* Main */ = {
			isa = PBXGroup;
			children = (
				11C753BE208478B3006A8F2D /* Common */,
				11C753B820844BEF006A8F2D /* Login */,
				5A8242FB207F91F800F483F6 /* shoupiao */,
			);
			path = Main;
			sourceTree = "<group>";
		};
		5A8242FB207F91F800F483F6 /* shoupiao */ = {
			isa = PBXGroup;
			children = (
				5A824309207F9C9800F483F6 /* views */,
				5A8242FF207F92CD00F483F6 /* SaleTicketMainController.h */,
				5A824300207F92CD00F483F6 /* SaleTicketMainController.m */,
				5A824301207F92CD00F483F6 /* SaleTicketMainController.xib */,
				5AF80AC02080FD9900CD28F0 /* DateChooseController.h */,
				5AF80AC12080FD9900CD28F0 /* DateChooseController.m */,
				5A824304207F99E500F483F6 /* TicketListController.h */,
				5A824305207F99E500F483F6 /* TicketListController.m */,
				5A824306207F99E500F483F6 /* TicketListController.xib */,
				115B34C0208043A60043A6F3 /* EidtTicketOrderController.h */,
				115B34C1208043A60043A6F3 /* EidtTicketOrderController.m */,
				115B34C2208043A60043A6F3 /* EidtTicketOrderController.xib */,
				115B3548208080530043A6F3 /* PayTicketController.h */,
				115B3549208080530043A6F3 /* PayTicketController.m */,
				115B354A208080530043A6F3 /* PayTicketController.xib */,
				115B354D208087D90043A6F3 /* TicketOrderDetaialController.h */,
				115B354E208087D90043A6F3 /* TicketOrderDetaialController.m */,
				115B354F208087D90043A6F3 /* TicketOrderDetaialController.xib */,
				115B355220808E300043A6F3 /* RefundController.h */,
				115B355320808E300043A6F3 /* RefundController.m */,
				115B355420808E300043A6F3 /* RefundController.xib */,
				115B356B2080AD150043A6F3 /* StationChooseController.h */,
				115B356C2080AD150043A6F3 /* StationChooseController.m */,
				115B356D2080AD150043A6F3 /* StationChooseController.xib */,
				11C753C42085D3E0006A8F2D /* CodeController.h */,
				11C753C52085D3E0006A8F2D /* CodeController.m */,
				11C753C62085D3E0006A8F2D /* CodeController.xib */,
				11C753D22085EFF5006A8F2D /* TicketOrderListController.h */,
				11C753D32085EFF5006A8F2D /* TicketOrderListController.m */,
				11C753D42085EFF5006A8F2D /* TicketOrderListController.xib */,
			);
			path = shoupiao;
			sourceTree = "<group>";
		};
		5A824309207F9C9800F483F6 /* views */ = {
			isa = PBXGroup;
			children = (
				5A82430F207F9D0F00F483F6 /* TicketCell.h */,
				5A824310207F9D0F00F483F6 /* TicketCell.m */,
				5A824311207F9D0F00F483F6 /* TicketCell.xib */,
				115B350A20805BDC0043A6F3 /* TickerOrderPeople.h */,
				115B350B20805BDC0043A6F3 /* TickerOrderPeople.m */,
				115B350D20805BF90043A6F3 /* TickerOrderPeople.xib */,
				115B35192080611A0043A6F3 /* PassengerCell.h */,
				115B351A2080611A0043A6F3 /* PassengerCell.m */,
				115B351B2080611A0043A6F3 /* PassengerCell.xib */,
				11C753D72085F1FB006A8F2D /* MyOrderListCell.h */,
				11C753D82085F1FB006A8F2D /* MyOrderListCell.m */,
				11C753D92085F1FB006A8F2D /* MyOrderListCell.xib */,
			);
			path = views;
			sourceTree = "<group>";
		};
		5AF3B0C420837B9A003B7B18 /* Calender */ = {
			isa = PBXGroup;
			children = (
				5AF3B0C520837B9A003B7B18 /* CalenderView.m */,
				5AF3B0C620837B9A003B7B18 /* CalenderCollectionCell.m */,
				5AF3B0C720837B9A003B7B18 /* UIColor+Extension.h */,
				5AF3B0C820837B9A003B7B18 /* NSDate+Extension.h */,
				5AF3B0C920837B9A003B7B18 /* CalenderModel.m */,
				5AF3B0CA20837B9A003B7B18 /* CalenderHeaderView.m */,
				5AF3B0CB20837B9A003B7B18 /* CalenderWeekView.m */,
				5AF3B0CC20837B9A003B7B18 /* CalenderView.h */,
				5AF3B0CD20837B9A003B7B18 /* NSDate+Extension.m */,
				5AF3B0CE20837B9A003B7B18 /* UIColor+Extension.m */,
				5AF3B0CF20837B9A003B7B18 /* CalenderCollectionCell.h */,
				5AF3B0D020837B9A003B7B18 /* CalenderModel.h */,
				5AF3B0D120837B9A003B7B18 /* CalenderWeekView.h */,
				5AF3B0D220837B9A003B7B18 /* CalenderHeaderView.h */,
			);
			path = Calender;
			sourceTree = "<group>";
		};
/* End PBXGroup section */

/* Begin PBXNativeTarget section */
		115B3410207EEEAC0043A6F3 /* YKT */ = {
			isa = PBXNativeTarget;
			buildConfigurationList = 115B3427207EEEAC0043A6F3 /* Build configuration list for PBXNativeTarget "YKT" */;
			buildPhases = (
				115B340D207EEEAC0043A6F3 /* Sources */,
				115B340E207EEEAC0043A6F3 /* Frameworks */,
				115B340F207EEEAC0043A6F3 /* Resources */,
			);
			buildRules = (
			);
			dependencies = (
			);
			name = YKT;
			productName = YKT;
			productReference = 115B3411207EEEAC0043A6F3 /* YKT.app */;
			productType = "com.apple.product-type.application";
		};
/* End PBXNativeTarget section */

/* Begin PBXProject section */
		115B3409207EEEAC0043A6F3 /* Project object */ = {
			isa = PBXProject;
			attributes = {
				LastUpgradeCheck = 0920;
				ORGANIZATIONNAME = "周春仕";
				TargetAttributes = {
					115B3410207EEEAC0043A6F3 = {
						CreatedOnToolsVersion = 9.2;
						ProvisioningStyle = Automatic;
					};
				};
			};
			buildConfigurationList = 115B340C207EEEAC0043A6F3 /* Build configuration list for PBXProject "YKT" */;
			compatibilityVersion = "Xcode 8.0";
			developmentRegion = en;
			hasScannedForEncodings = 0;
			knownRegions = (
				en,
				Base,
			);
			mainGroup = 115B3408207EEEAC0043A6F3;
			productRefGroup = 115B3412207EEEAC0043A6F3 /* Products */;
			projectDirPath = "";
			projectRoot = "";
			targets = (
				115B3410207EEEAC0043A6F3 /* YKT */,
			);
		};
/* End PBXProject section */

/* Begin PBXResourcesBuildPhase section */
		115B340F207EEEAC0043A6F3 /* Resources */ = {
			isa = PBXResourcesBuildPhase;
			buildActionMask = 2147483647;
			files = (
				11C753BD20844C00006A8F2D /* LoginViewController.xib in Resources */,
				115B34C4208043A60043A6F3 /* EidtTicketOrderController.xib in Resources */,
				115B34B5207F62820043A6F3 /* Info.plist in Resources */,
				5A824303207F92CD00F483F6 /* SaleTicketMainController.xib in Resources */,
				11C753C82085D3E0006A8F2D /* CodeController.xib in Resources */,
				115B351D2080611A0043A6F3 /* PassengerCell.xib in Resources */,
				11C753D62085EFF5006A8F2D /* TicketOrderListController.xib in Resources */,
				11C753DB2085F1FB006A8F2D /* MyOrderListCell.xib in Resources */,
				115B3421207EEEAC0043A6F3 /* LaunchScreen.storyboard in Resources */,
				115B3551208087D90043A6F3 /* TicketOrderDetaialController.xib in Resources */,
				5A824313207F9D0F00F483F6 /* TicketCell.xib in Resources */,
				11C753D02085DF6E006A8F2D /* PopupTableViewCell.xib in Resources */,
				115B355620808E300043A6F3 /* RefundController.xib in Resources */,
				115B356F2080AD150043A6F3 /* StationChooseController.xib in Resources */,
				11C753C3208478DF006A8F2D /* EditPassengerController.xib in Resources */,
				115B3518208060AE0043A6F3 /* PassengerListViewController.xib in Resources */,
				115B341E207EEEAC0043A6F3 /* Assets.xcassets in Resources */,
				115B341C207EEEAC0043A6F3 /* Main.storyboard in Resources */,
				5A824308207F99E500F483F6 /* TicketListController.xib in Resources */,
				115B354C208080530043A6F3 /* PayTicketController.xib in Resources */,
				115B350E20805BF90043A6F3 /* TickerOrderPeople.xib in Resources */,
			);
			runOnlyForDeploymentPostprocessing = 0;
		};
/* End PBXResourcesBuildPhase section */

/* Begin PBXSourcesBuildPhase section */
		115B340D207EEEAC0043A6F3 /* Sources */ = {
			isa = PBXSourcesBuildPhase;
			buildActionMask = 2147483647;
			files = (
				115B34BB207F62820043A6F3 /* MASViewConstraint.m in Sources */,
				115B35662080A8D10043A6F3 /* AFNetworkReachabilityManager.m in Sources */,
				115B350C20805BDC0043A6F3 /* TickerOrderPeople.m in Sources */,
				11C753C2208478DF006A8F2D /* EditPassengerController.m in Sources */,
				115B356E2080AD150043A6F3 /* StationChooseController.m in Sources */,
				115B3419207EEEAC0043A6F3 /* ViewController.m in Sources */,
				5AF80AC22080FD9900CD28F0 /* DateChooseController.m in Sources */,
				5AF3B0D420837B9B003B7B18 /* CalenderCollectionCell.m in Sources */,
				115B34BA207F62820043A6F3 /* MASViewAttribute.m in Sources */,
				11C753BC20844C00006A8F2D /* LoginViewController.m in Sources */,
				11C753DA2085F1FB006A8F2D /* MyOrderListCell.m in Sources */,
				11C753C72085D3E0006A8F2D /* CodeController.m in Sources */,
				115B3485207F5DCD0043A6F3 /* BaseViewController.m in Sources */,
				5A824307207F99E500F483F6 /* TicketListController.m in Sources */,
				115B355520808E300043A6F3 /* RefundController.m in Sources */,
				115B348F207F5E080043A6F3 /* UIImage+Color.m in Sources */,
				115B348E207F5E080043A6F3 /* CALayer+CircleBoard.m in Sources */,
				115B356A2080A8D10043A6F3 /* AFURLSessionManager.m in Sources */,
				115B34B6207F62820043A6F3 /* MASCompositeConstraint.m in Sources */,
				115B34C3208043A60043A6F3 /* EidtTicketOrderController.m in Sources */,
				115B35762080B5560043A6F3 /* MBProgressHUD+KR.m in Sources */,
				115B35692080A8D10043A6F3 /* AFURLResponseSerialization.m in Sources */,
				11C753CF2085DF6E006A8F2D /* PopupTableViewCell.m in Sources */,
				115B351C2080611A0043A6F3 /* PassengerCell.m in Sources */,
				115B34B8207F62820043A6F3 /* MASConstraintMaker.m in Sources */,
				11C753B720844BAA006A8F2D /* KRUserInfo.m in Sources */,
				115B3517208060AE0043A6F3 /* PassengerListViewController.m in Sources */,
				115B34BE207F62820043A6F3 /* View+MASAdditions.m in Sources */,
				115B34B9207F62820043A6F3 /* MASLayoutConstraint.m in Sources */,
				5AF3B0D620837B9B003B7B18 /* CalenderHeaderView.m in Sources */,
				5A824312207F9D0F00F483F6 /* TicketCell.m in Sources */,
				115B35722080B4C70043A6F3 /* KRMainNetTool.m in Sources */,
				5AF3B0D820837B9B003B7B18 /* NSDate+Extension.m in Sources */,
				5AF3B0D520837B9B003B7B18 /* CalenderModel.m in Sources */,
				115B35682080A8D10043A6F3 /* AFURLRequestSerialization.m in Sources */,
				5AF3B0D920837B9B003B7B18 /* UIColor+Extension.m in Sources */,
				11C753D52085EFF5006A8F2D /* TicketOrderListController.m in Sources */,
				115B34BF207F62820043A6F3 /* ViewController+MASAdditions.m in Sources */,
				115B34B7207F62820043A6F3 /* MASConstraint.m in Sources */,
				115B3499207F618E0043A6F3 /* MBProgressHUD.m in Sources */,
				115B3424207EEEAC0043A6F3 /* main.m in Sources */,
				115B34BC207F62820043A6F3 /* NSArray+MASAdditions.m in Sources */,
				115B3550208087D90043A6F3 /* TicketOrderDetaialController.m in Sources */,
				5AF3B0D720837B9B003B7B18 /* CalenderWeekView.m in Sources */,
				5A824302207F92CD00F483F6 /* SaleTicketMainController.m in Sources */,
				115B34BD207F62820043A6F3 /* NSLayoutConstraint+MASDebugAdditions.m in Sources */,
				115B354B208080530043A6F3 /* PayTicketController.m in Sources */,
				5AF3B0D320837B9B003B7B18 /* CalenderView.m in Sources */,
				115B3416207EEEAC0043A6F3 /* AppDelegate.m in Sources */,
				115B35672080A8D10043A6F3 /* AFSecurityPolicy.m in Sources */,
				115B35652080A8D00043A6F3 /* AFHTTPSessionManager.m in Sources */,
				11C753D12085DF6E006A8F2D /* PopupView.m in Sources */,
				115B3484207F5DCD0043A6F3 /* BaseNaviViewController.m in Sources */,
				115B3490207F5E080043A6F3 /* UIView+EX.m in Sources */,
			);
			runOnlyForDeploymentPostprocessing = 0;
		};
/* End PBXSourcesBuildPhase section */

/* Begin PBXVariantGroup section */
		115B341A207EEEAC0043A6F3 /* Main.storyboard */ = {
			isa = PBXVariantGroup;
			children = (
				115B341B207EEEAC0043A6F3 /* Base */,
			);
			name = Main.storyboard;
			sourceTree = "<group>";
		};
		115B341F207EEEAC0043A6F3 /* LaunchScreen.storyboard */ = {
			isa = PBXVariantGroup;
			children = (
				115B3420207EEEAC0043A6F3 /* Base */,
			);
			name = LaunchScreen.storyboard;
			sourceTree = "<group>";
		};
/* End PBXVariantGroup section */

/* Begin XCBuildConfiguration section */
		115B3425207EEEAC0043A6F3 /* Debug */ = {
			isa = XCBuildConfiguration;
			buildSettings = {
				ALWAYS_SEARCH_USER_PATHS = NO;
				CLANG_ANALYZER_NONNULL = YES;
				CLANG_ANALYZER_NUMBER_OBJECT_CONVERSION = YES_AGGRESSIVE;
				CLANG_CXX_LANGUAGE_STANDARD = "gnu++14";
				CLANG_CXX_LIBRARY = "libc++";
				CLANG_ENABLE_MODULES = YES;
				CLANG_ENABLE_OBJC_ARC = YES;
				CLANG_WARN_BLOCK_CAPTURE_AUTORELEASING = YES;
				CLANG_WARN_BOOL_CONVERSION = YES;
				CLANG_WARN_COMMA = YES;
				CLANG_WARN_CONSTANT_CONVERSION = YES;
				CLANG_WARN_DIRECT_OBJC_ISA_USAGE = YES_ERROR;
				CLANG_WARN_DOCUMENTATION_COMMENTS = YES;
				CLANG_WARN_EMPTY_BODY = YES;
				CLANG_WARN_ENUM_CONVERSION = YES;
				CLANG_WARN_INFINITE_RECURSION = YES;
				CLANG_WARN_INT_CONVERSION = YES;
				CLANG_WARN_NON_LITERAL_NULL_CONVERSION = YES;
				CLANG_WARN_OBJC_LITERAL_CONVERSION = YES;
				CLANG_WARN_OBJC_ROOT_CLASS = YES_ERROR;
				CLANG_WARN_RANGE_LOOP_ANALYSIS = YES;
				CLANG_WARN_STRICT_PROTOTYPES = YES;
				CLANG_WARN_SUSPICIOUS_MOVE = YES;
				CLANG_WARN_UNGUARDED_AVAILABILITY = YES_AGGRESSIVE;
				CLANG_WARN_UNREACHABLE_CODE = YES;
				CLANG_WARN__DUPLICATE_METHOD_MATCH = YES;
				CODE_SIGN_IDENTITY = "iPhone Developer";
				COPY_PHASE_STRIP = NO;
				DEBUG_INFORMATION_FORMAT = dwarf;
				ENABLE_STRICT_OBJC_MSGSEND = YES;
				ENABLE_TESTABILITY = YES;
				GCC_C_LANGUAGE_STANDARD = gnu11;
				GCC_DYNAMIC_NO_PIC = NO;
				GCC_NO_COMMON_BLOCKS = YES;
				GCC_OPTIMIZATION_LEVEL = 0;
				GCC_PREPROCESSOR_DEFINITIONS = (
					"DEBUG=1",
					"$(inherited)",
				);
				GCC_WARN_64_TO_32_BIT_CONVERSION = YES;
				GCC_WARN_ABOUT_RETURN_TYPE = YES_ERROR;
				GCC_WARN_UNDECLARED_SELECTOR = YES;
				GCC_WARN_UNINITIALIZED_AUTOS = YES_AGGRESSIVE;
				GCC_WARN_UNUSED_FUNCTION = YES;
				GCC_WARN_UNUSED_VARIABLE = YES;
				IPHONEOS_DEPLOYMENT_TARGET = 11.2;
				MTL_ENABLE_DEBUG_INFO = YES;
				ONLY_ACTIVE_ARCH = YES;
				SDKROOT = iphoneos;
			};
			name = Debug;
		};
		115B3426207EEEAC0043A6F3 /* Release */ = {
			isa = XCBuildConfiguration;
			buildSettings = {
				ALWAYS_SEARCH_USER_PATHS = NO;
				CLANG_ANALYZER_NONNULL = YES;
				CLANG_ANALYZER_NUMBER_OBJECT_CONVERSION = YES_AGGRESSIVE;
				CLANG_CXX_LANGUAGE_STANDARD = "gnu++14";
				CLANG_CXX_LIBRARY = "libc++";
				CLANG_ENABLE_MODULES = YES;
				CLANG_ENABLE_OBJC_ARC = YES;
				CLANG_WARN_BLOCK_CAPTURE_AUTORELEASING = YES;
				CLANG_WARN_BOOL_CONVERSION = YES;
				CLANG_WARN_COMMA = YES;
				CLANG_WARN_CONSTANT_CONVERSION = YES;
				CLANG_WARN_DIRECT_OBJC_ISA_USAGE = YES_ERROR;
				CLANG_WARN_DOCUMENTATION_COMMENTS = YES;
				CLANG_WARN_EMPTY_BODY = YES;
				CLANG_WARN_ENUM_CONVERSION = YES;
				CLANG_WARN_INFINITE_RECURSION = YES;
				CLANG_WARN_INT_CONVERSION = YES;
				CLANG_WARN_NON_LITERAL_NULL_CONVERSION = YES;
				CLANG_WARN_OBJC_LITERAL_CONVERSION = YES;
				CLANG_WARN_OBJC_ROOT_CLASS = YES_ERROR;
				CLANG_WARN_RANGE_LOOP_ANALYSIS = YES;
				CLANG_WARN_STRICT_PROTOTYPES = YES;
				CLANG_WARN_SUSPICIOUS_MOVE = YES;
				CLANG_WARN_UNGUARDED_AVAILABILITY = YES_AGGRESSIVE;
				CLANG_WARN_UNREACHABLE_CODE = YES;
				CLANG_WARN__DUPLICATE_METHOD_MATCH = YES;
				CODE_SIGN_IDENTITY = "iPhone Developer";
				COPY_PHASE_STRIP = NO;
				DEBUG_INFORMATION_FORMAT = "dwarf-with-dsym";
				ENABLE_NS_ASSERTIONS = NO;
				ENABLE_STRICT_OBJC_MSGSEND = YES;
				GCC_C_LANGUAGE_STANDARD = gnu11;
				GCC_NO_COMMON_BLOCKS = YES;
				GCC_WARN_64_TO_32_BIT_CONVERSION = YES;
				GCC_WARN_ABOUT_RETURN_TYPE = YES_ERROR;
				GCC_WARN_UNDECLARED_SELECTOR = YES;
				GCC_WARN_UNINITIALIZED_AUTOS = YES_AGGRESSIVE;
				GCC_WARN_UNUSED_FUNCTION = YES;
				GCC_WARN_UNUSED_VARIABLE = YES;
				IPHONEOS_DEPLOYMENT_TARGET = 11.2;
				MTL_ENABLE_DEBUG_INFO = NO;
				SDKROOT = iphoneos;
				VALIDATE_PRODUCT = YES;
			};
			name = Release;
		};
		115B3428207EEEAC0043A6F3 /* Debug */ = {
			isa = XCBuildConfiguration;
			buildSettings = {
				ASSETCATALOG_COMPILER_APPICON_NAME = AppIcon;
				CODE_SIGN_STYLE = Automatic;
				DEVELOPMENT_TEAM = XZN34NH8JQ;
				INFOPLIST_FILE = YKT/Info.plist;
				LD_RUNPATH_SEARCH_PATHS = "$(inherited) @executable_path/Frameworks";
				PRODUCT_BUNDLE_IDENTIFIER = ZCS.YKT;
				PRODUCT_NAME = "$(TARGET_NAME)";
				TARGETED_DEVICE_FAMILY = "1,2";
			};
			name = Debug;
		};
		115B3429207EEEAC0043A6F3 /* Release */ = {
			isa = XCBuildConfiguration;
			buildSettings = {
				ASSETCATALOG_COMPILER_APPICON_NAME = AppIcon;
				CODE_SIGN_STYLE = Automatic;
				DEVELOPMENT_TEAM = XZN34NH8JQ;
				INFOPLIST_FILE = YKT/Info.plist;
				LD_RUNPATH_SEARCH_PATHS = "$(inherited) @executable_path/Frameworks";
				PRODUCT_BUNDLE_IDENTIFIER = ZCS.YKT;
				PRODUCT_NAME = "$(TARGET_NAME)";
				TARGETED_DEVICE_FAMILY = "1,2";
			};
			name = Release;
		};
/* End XCBuildConfiguration section */

/* Begin XCConfigurationList section */
		115B340C207EEEAC0043A6F3 /* Build configuration list for PBXProject "YKT" */ = {
			isa = XCConfigurationList;
			buildConfigurations = (
				115B3425207EEEAC0043A6F3 /* Debug */,
				115B3426207EEEAC0043A6F3 /* Release */,
			);
			defaultConfigurationIsVisible = 0;
			defaultConfigurationName = Release;
		};
		115B3427207EEEAC0043A6F3 /* Build configuration list for PBXNativeTarget "YKT" */ = {
			isa = XCConfigurationList;
			buildConfigurations = (
				115B3428207EEEAC0043A6F3 /* Debug */,
				115B3429207EEEAC0043A6F3 /* Release */,
			);
			defaultConfigurationIsVisible = 0;
			defaultConfigurationName = Release;
		};
/* End XCConfigurationList section */
	};
	rootObject = 115B3409207EEEAC0043A6F3 /* Project object */;
}
